
Microsoft Visual Studio Solution File, Format Version 12.00
# Visual Studio Version 17
VisualStudioVersion = 17.0.31903.59
MinimumVisualStudioVersion = 10.0.40219.1
Project("{2150E333-8FDC-42A3-9474-1A3956D46DE8}") = "src", "src", "{536F5EB2-08F0-43BD-AACA-58763DDAF887}"
EndProject
Project("{FAE04EC0-301F-11D3-BF4B-00C04F79EFBC}") = "Kernel", "src\Kernel\Kernel.csproj", "{380324CB-0D2A-4A62-BE96-D2AC8820BD42}"
EndProject
Project("{FAE04EC0-301F-11D3-BF4B-00C04F79EFBC}") = "Kernel.Contracts", "src\Kernel.Contracts\Kernel.Contracts.csproj", "{E29E2D42-D42E-4302-A4FF-48E97A60797C}"
EndProject
Project("{FAE04EC0-301F-11D3-BF4B-00C04F79EFBC}") = "Host", "src\Host\Host.csproj", "{6D73EC52-580A-4D5D-98B8-4403F940FB1C}"
EndProject
Project("{2150E333-8FDC-42A3-9474-1A3956D46DE8}") = "Modules", "Modules", "{28305CFE-1503-4E9E-A812-878E47214092}"
EndProject
Project("{FAE04EC0-301F-11D3-BF4B-00C04F79EFBC}") = "Modules.Meta", "src\Modules\Meta\Modules.Meta.csproj", "{28E0223A-A9D4-406A-B7D1-8F52736A9912}"
EndProject
Project("{2150E333-8FDC-42A3-9474-1A3956D46DE8}") = "tests", "tests", "{85D2B52E-13C1-4478-9AA0-B2E601555719}"
EndProject
Project("{FAE04EC0-301F-11D3-BF4B-00C04F79EFBC}") = "UnitTests", "tests\UnitTests\UnitTests.csproj", "{11B8BBE2-F806-414E-8A04-25B5A8C14AAF}"
EndProject
Project("{FAE04EC0-301F-11D3-BF4B-00C04F79EFBC}") = "IntegrationTests", "tests\IntegrationTests\IntegrationTests.csproj", "{8A90DD97-C16A-495F-B1F9-E2378B0E6082}"
EndProject
Project("{FAE04EC0-301F-11D3-BF4B-00C04F79EFBC}") = "Persistence", "src\Persistence\Persistence.csproj", "{9D114456-B7A4-4AE9-956E-C3D23DBBDA00}"
EndProject
Project("{FAE04EC0-301F-11D3-BF4B-00C04F79EFBC}") = "Migrator", "src\Migrator\Migrator.csproj", "{76E6C37A-AF19-4C17-A15C-C0CDC8B496D4}"
EndProject
Global
	GlobalSection(SolutionConfigurationPlatforms) = preSolution
		Debug|Any CPU = Debug|Any CPU
		Release|Any CPU = Release|Any CPU
	EndGlobalSection
	GlobalSection(SolutionProperties) = preSolution
		HideSolutionNode = FALSE
	EndGlobalSection
	GlobalSection(ProjectConfigurationPlatforms) = postSolution
		{380324CB-0D2A-4A62-BE96-D2AC8820BD42}.Debug|Any CPU.ActiveCfg = Debug|Any CPU
		{380324CB-0D2A-4A62-BE96-D2AC8820BD42}.Debug|Any CPU.Build.0 = Debug|Any CPU
		{380324CB-0D2A-4A62-BE96-D2AC8820BD42}.Release|Any CPU.ActiveCfg = Release|Any CPU
		{380324CB-0D2A-4A62-BE96-D2AC8820BD42}.Release|Any CPU.Build.0 = Release|Any CPU
		{E29E2D42-D42E-4302-A4FF-48E97A60797C}.Debug|Any CPU.ActiveCfg = Debug|Any CPU
		{E29E2D42-D42E-4302-A4FF-48E97A60797C}.Debug|Any CPU.Build.0 = Debug|Any CPU
		{E29E2D42-D42E-4302-A4FF-48E97A60797C}.Release|Any CPU.ActiveCfg = Release|Any CPU
		{E29E2D42-D42E-4302-A4FF-48E97A60797C}.Release|Any CPU.Build.0 = Release|Any CPU
		{6D73EC52-580A-4D5D-98B8-4403F940FB1C}.Debug|Any CPU.ActiveCfg = Debug|Any CPU
		{6D73EC52-580A-4D5D-98B8-4403F940FB1C}.Debug|Any CPU.Build.0 = Debug|Any CPU
		{6D73EC52-580A-4D5D-98B8-4403F940FB1C}.Release|Any CPU.ActiveCfg = Release|Any CPU
		{6D73EC52-580A-4D5D-98B8-4403F940FB1C}.Release|Any CPU.Build.0 = Release|Any CPU
		{28E0223A-A9D4-406A-B7D1-8F52736A9912}.Debug|Any CPU.ActiveCfg = Debug|Any CPU
		{28E0223A-A9D4-406A-B7D1-8F52736A9912}.Debug|Any CPU.Build.0 = Debug|Any CPU
		{28E0223A-A9D4-406A-B7D1-8F52736A9912}.Release|Any CPU.ActiveCfg = Release|Any CPU
		{28E0223A-A9D4-406A-B7D1-8F52736A9912}.Release|Any CPU.Build.0 = Release|Any CPU
		{11B8BBE2-F806-414E-8A04-25B5A8C14AAF}.Debug|Any CPU.ActiveCfg = Debug|Any CPU
		{11B8BBE2-F806-414E-8A04-25B5A8C14AAF}.Debug|Any CPU.Build.0 = Debug|Any CPU
		{11B8BBE2-F806-414E-8A04-25B5A8C14AAF}.Release|Any CPU.ActiveCfg = Release|Any CPU
		{11B8BBE2-F806-414E-8A04-25B5A8C14AAF}.Release|Any CPU.Build.0 = Release|Any CPU
		{8A90DD97-C16A-495F-B1F9-E2378B0E6082}.Debug|Any CPU.ActiveCfg = Debug|Any CPU
		{8A90DD97-C16A-495F-B1F9-E2378B0E6082}.Debug|Any CPU.Build.0 = Debug|Any CPU
		{8A90DD97-C16A-495F-B1F9-E2378B0E6082}.Release|Any CPU.ActiveCfg = Release|Any CPU
		{8A90DD97-C16A-495F-B1F9-E2378B0E6082}.Release|Any CPU.Build.0 = Release|Any CPU
		{9D114456-B7A4-4AE9-956E-C3D23DBBDA00}.Debug|Any CPU.ActiveCfg = Debug|Any CPU
		{9D114456-B7A4-4AE9-956E-C3D23DBBDA00}.Debug|Any CPU.Build.0 = Debug|Any CPU
		{9D114456-B7A4-4AE9-956E-C3D23DBBDA00}.Release|Any CPU.ActiveCfg = Release|Any CPU
		{9D114456-B7A4-4AE9-956E-C3D23DBBDA00}.Release|Any CPU.Build.0 = Release|Any CPU
		{76E6C37A-AF19-4C17-A15C-C0CDC8B496D4}.Debug|Any CPU.ActiveCfg = Debug|Any CPU
		{76E6C37A-AF19-4C17-A15C-C0CDC8B496D4}.Debug|Any CPU.Build.0 = Debug|Any CPU
		{76E6C37A-AF19-4C17-A15C-C0CDC8B496D4}.Release|Any CPU.ActiveCfg = Release|Any CPU
		{76E6C37A-AF19-4C17-A15C-C0CDC8B496D4}.Release|Any CPU.Build.0 = Release|Any CPU
	EndGlobalSection
	GlobalSection(NestedProjects) = preSolution
		{380324CB-0D2A-4A62-BE96-D2AC8820BD42} = {536F5EB2-08F0-43BD-AACA-58763DDAF887}
		{E29E2D42-D42E-4302-A4FF-48E97A60797C} = {536F5EB2-08F0-43BD-AACA-58763DDAF887}
		{6D73EC52-580A-4D5D-98B8-4403F940FB1C} = {536F5EB2-08F0-43BD-AACA-58763DDAF887}
		{28305CFE-1503-4E9E-A812-878E47214092} = {536F5EB2-08F0-43BD-AACA-58763DDAF887}
		{28E0223A-A9D4-406A-B7D1-8F52736A9912} = {28305CFE-1503-4E9E-A812-878E47214092}
		{11B8BBE2-F806-414E-8A04-25B5A8C14AAF} = {85D2B52E-13C1-4478-9AA0-B2E601555719}
		{8A90DD97-C16A-495F-B1F9-E2378B0E6082} = {85D2B52E-13C1-4478-9AA0-B2E601555719}
		{9D114456-B7A4-4AE9-956E-C3D23DBBDA00} = {536F5EB2-08F0-43BD-AACA-58763DDAF887}
		{76E6C37A-AF19-4C17-A15C-C0CDC8B496D4} = {536F5EB2-08F0-43BD-AACA-58763DDAF887}
	EndGlobalSection
EndGlobal
